// !$*UTF8*$!
{
	archiveVersion = 1;
	classes = {
	};
	objectVersion = 50;
	objects = {

/* Begin PBXBuildFile section */
		276099DE20915E7700F0D281 /* AppDelegate.m in Sources */ = {isa = PBXBuildFile; fileRef = 276099DD20915E7700F0D281 /* AppDelegate.m */; };
		276099E120915E7700F0D281 /* ViewController.m in Sources */ = {isa = PBXBuildFile; fileRef = 276099E020915E7700F0D281 /* ViewController.m */; };
		276099E420915E7700F0D281 /* Main.storyboard in Resources */ = {isa = PBXBuildFile; fileRef = 276099E220915E7700F0D281 /* Main.storyboard */; };
		276099E620915E7800F0D281 /* Assets.xcassets in Resources */ = {isa = PBXBuildFile; fileRef = 276099E520915E7800F0D281 /* Assets.xcassets */; };
		276099E920915E7800F0D281 /* LaunchScreen.storyboard in Resources */ = {isa = PBXBuildFile; fileRef = 276099E720915E7800F0D281 /* LaunchScreen.storyboard */; };
		276099EC20915E7800F0D281 /* main.m in Sources */ = {isa = PBXBuildFile; fileRef = 276099EB20915E7800F0D281 /* main.m */; };
		276099F320915FDA00F0D281 /* dataSource.txt in Resources */ = {isa = PBXBuildFile; fileRef = 276099F220915FD900F0D281 /* dataSource.txt */; };
		276099F7209160AB00F0D281 /* UICollectionViewLeftAlignedLayout.m in Sources */ = {isa = PBXBuildFile; fileRef = 276099F5209160AB00F0D281 /* UICollectionViewLeftAlignedLayout.m */; };
		278955592092B99600BCE677 /* AttributeCell.m in Sources */ = {isa = PBXBuildFile; fileRef = 278955572092B99600BCE677 /* AttributeCell.m */; };
		2789555A2092B99600BCE677 /* AttributeCell.xib in Resources */ = {isa = PBXBuildFile; fileRef = 278955582092B99600BCE677 /* AttributeCell.xib */; };
		2789555E2092BA9500BCE677 /* AttributeHeaerView.m in Sources */ = {isa = PBXBuildFile; fileRef = 2789555C2092BA9500BCE677 /* AttributeHeaerView.m */; };
		2789555F2092BA9500BCE677 /* AttributeHeaerView.xib in Resources */ = {isa = PBXBuildFile; fileRef = 2789555D2092BA9500BCE677 /* AttributeHeaerView.xib */; };
/* End PBXBuildFile section */

/* Begin PBXFileReference section */
		276099D920915E7700F0D281 /* SKUDemo.app */ = {isa = PBXFileReference; explicitFileType = wrapper.application; includeInIndex = 0; path = SKUDemo.app; sourceTree = BUILT_PRODUCTS_DIR; };
		276099DC20915E7700F0D281 /* AppDelegate.h */ = {isa = PBXFileReference; lastKnownFileType = sourcecode.c.h; path = AppDelegate.h; sourceTree = "<group>"; };
		276099DD20915E7700F0D281 /* AppDelegate.m */ = {isa = PBXFileReference; lastKnownFileType = sourcecode.c.objc; path = AppDelegate.m; sourceTree = "<group>"; };
		276099DF20915E7700F0D281 /* ViewController.h */ = {isa = PBXFileReference; lastKnownFileType = sourcecode.c.h; path = ViewController.h; sourceTree = "<group>"; };
		276099E020915E7700F0D281 /* ViewController.m */ = {isa = PBXFileReference; lastKnownFileType = sourcecode.c.objc; path = ViewController.m; sourceTree = "<group>"; };
		276099E320915E7700F0D281 /* Base */ = {isa = PBXFileReference; lastKnownFileType = file.storyboard; name = Base; path = Base.lproj/Main.storyboard; sourceTree = "<group>"; };
		276099E520915E7800F0D281 /* Assets.xcassets */ = {isa = PBXFileReference; lastKnownFileType = folder.assetcatalog; path = Assets.xcassets; sourceTree = "<group>"; };
		276099E820915E7800F0D281 /* Base */ = {isa = PBXFileReference; lastKnownFileType = file.storyboard; name = Base; path = Base.lproj/LaunchScreen.storyboard; sourceTree = "<group>"; };
		276099EA20915E7800F0D281 /* Info.plist */ = {isa = PBXFileReference; lastKnownFileType = text.plist.xml; path = Info.plist; sourceTree = "<group>"; };
		276099EB20915E7800F0D281 /* main.m */ = {isa = PBXFileReference; lastKnownFileType = sourcecode.c.objc; path = main.m; sourceTree = "<group>"; };
		276099F220915FD900F0D281 /* dataSource.txt */ = {isa = PBXFileReference; fileEncoding = 4; lastKnownFileType = text; path = dataSource.txt; sourceTree = "<group>"; };
		276099F5209160AB00F0D281 /* UICollectionViewLeftAlignedLayout.m */ = {isa = PBXFileReference; fileEncoding = 4; lastKnownFileType = sourcecode.c.objc; path = UICollectionViewLeftAlignedLayout.m; sourceTree = "<group>"; };
		276099F6209160AB00F0D281 /* UICollectionViewLeftAlignedLayout.h */ = {isa = PBXFileReference; fileEncoding = 4; lastKnownFileType = sourcecode.c.h; path = UICollectionViewLeftAlignedLayout.h; sourceTree = "<group>"; };
		27609A272091B78400F0D281 /* Header.h */ = {isa = PBXFileReference; lastKnownFileType = sourcecode.c.h; path = Header.h; sourceTree = "<group>"; };
		278955562092B99600BCE677 /* AttributeCell.h */ = {isa = PBXFileReference; lastKnownFileType = sourcecode.c.h; path = AttributeCell.h; sourceTree = "<group>"; };
		278955572092B99600BCE677 /* AttributeCell.m */ = {isa = PBXFileReference; lastKnownFileType = sourcecode.c.objc; path = AttributeCell.m; sourceTree = "<group>"; };
		278955582092B99600BCE677 /* AttributeCell.xib */ = {isa = PBXFileReference; lastKnownFileType = file.xib; path = AttributeCell.xib; sourceTree = "<group>"; };
		2789555B2092BA9500BCE677 /* AttributeHeaerView.h */ = {isa = PBXFileReference; lastKnownFileType = sourcecode.c.h; path = AttributeHeaerView.h; sourceTree = "<group>"; };
		2789555C2092BA9500BCE677 /* AttributeHeaerView.m */ = {isa = PBXFileReference; lastKnownFileType = sourcecode.c.objc; path = AttributeHeaerView.m; sourceTree = "<group>"; };
		2789555D2092BA9500BCE677 /* AttributeHeaerView.xib */ = {isa = PBXFileReference; lastKnownFileType = file.xib; path = AttributeHeaerView.xib; sourceTree = "<group>"; };
/* End PBXFileReference section */

/* Begin PBXFrameworksBuildPhase section */
		276099D620915E7700F0D281 /* Frameworks */ = {
			isa = PBXFrameworksBuildPhase;
			buildActionMask = 2147483647;
			files = (
			);
			runOnlyForDeploymentPostprocessing = 0;
		};
/* End PBXFrameworksBuildPhase section */

/* Begin PBXGroup section */
		276099D020915E7700F0D281 = {
			isa = PBXGroup;
			children = (
				276099DB20915E7700F0D281 /* SKUDemo */,
				276099DA20915E7700F0D281 /* Products */,
			);
			sourceTree = "<group>";
		};
		276099DA20915E7700F0D281 /* Products */ = {
			isa = PBXGroup;
			children = (
				276099D920915E7700F0D281 /* SKUDemo.app */,
			);
			name = Products;
			sourceTree = "<group>";
		};
		276099DB20915E7700F0D281 /* SKUDemo */ = {
			isa = PBXGroup;
			children = (
				276099F6209160AB00F0D281 /* UICollectionViewLeftAlignedLayout.h */,
				276099F5209160AB00F0D281 /* UICollectionViewLeftAlignedLayout.m */,
				276099F220915FD900F0D281 /* dataSource.txt */,
				276099DC20915E7700F0D281 /* AppDelegate.h */,
				276099DD20915E7700F0D281 /* AppDelegate.m */,
				276099DF20915E7700F0D281 /* ViewController.h */,
				276099E020915E7700F0D281 /* ViewController.m */,
				276099E220915E7700F0D281 /* Main.storyboard */,
				276099E520915E7800F0D281 /* Assets.xcassets */,
				276099E720915E7800F0D281 /* LaunchScreen.storyboard */,
				276099EA20915E7800F0D281 /* Info.plist */,
				276099EB20915E7800F0D281 /* main.m */,
				278955562092B99600BCE677 /* AttributeCell.h */,
				278955572092B99600BCE677 /* AttributeCell.m */,
				278955582092B99600BCE677 /* AttributeCell.xib */,
				27609A272091B78400F0D281 /* Header.h */,
				2789555B2092BA9500BCE677 /* AttributeHeaerView.h */,
				2789555C2092BA9500BCE677 /* AttributeHeaerView.m */,
				2789555D2092BA9500BCE677 /* AttributeHeaerView.xib */,
			);
			path = SKUDemo;
			sourceTree = "<group>";
		};
/* End PBXGroup section */

/* Begin PBXNativeTarget section */
		276099D820915E7700F0D281 /* SKUDemo */ = {
			isa = PBXNativeTarget;
			buildConfigurationList = 276099EF20915E7800F0D281 /* Build configuration list for PBXNativeTarget "SKUDemo" */;
			buildPhases = (
				276099D520915E7700F0D281 /* Sources */,
				276099D620915E7700F0D281 /* Frameworks */,
				276099D720915E7700F0D281 /* Resources */,
			);
			buildRules = (
			);
			dependencies = (
			);
			name = SKUDemo;
			productName = SKUDemo;
			productReference = 276099D920915E7700F0D281 /* SKUDemo.app */;
			productType = "com.apple.product-type.application";
		};
/* End PBXNativeTarget section */

/* Begin PBXProject section */
		276099D120915E7700F0D281 /* Project object */ = {
			isa = PBXProject;
			attributes = {
				LastUpgradeCheck = 0930;
				ORGANIZATIONNAME = albee;
				TargetAttributes = {
					276099D820915E7700F0D281 = {
						CreatedOnToolsVersion = 9.3;
					};
				};
			};
			buildConfigurationList = 276099D420915E7700F0D281 /* Build configuration list for PBXProject "SKUDemo" */;
			compatibilityVersion = "Xcode 9.3";
			developmentRegion = en;
			hasScannedForEncodings = 0;
			knownRegions = (
				en,
				Base,
			);
			mainGroup = 276099D020915E7700F0D281;
			productRefGroup = 276099DA20915E7700F0D281 /* Products */;
			projectDirPath = "";
			projectRoot = "";
			targets = (
				276099D820915E7700F0D281 /* SKUDemo */,
			);
		};
/* End PBXProject section */

/* Begin PBXResourcesBuildPhase section */
		276099D720915E7700F0D281 /* Resources */ = {
			isa = PBXResourcesBuildPhase;
			buildActionMask = 2147483647;
			files = (
				2789555A2092B99600BCE677 /* AttributeCell.xib in Resources */,
				276099F320915FDA00F0D281 /* dataSource.txt in Resources */,
				276099E920915E7800F0D281 /* LaunchScreen.storyboard in Resources */,
				276099E620915E7800F0D281 /* Assets.xcassets in Resources */,
				276099E420915E7700F0D281 /* Main.storyboard in Resources */,
				2789555F2092BA9500BCE677 /* AttributeHeaerView.xib in Resources */,
			);
			runOnlyForDeploymentPostprocessing = 0;
		};
/* End PBXResourcesBuildPhase section */

/* Begin PBXSourcesBuildPhase section */
		276099D520915E7700F0D281 /* Sources */ = {
			isa = PBXSourcesBuildPhase;
			buildActionMask = 2147483647;
			files = (
				278955592092B99600BCE677 /* AttributeCell.m in Sources */,
				276099F7209160AB00F0D281 /* UICollectionViewLeftAlignedLayout.m in Sources */,
				276099E120915E7700F0D281 /* ViewController.m in Sources */,
				2789555E2092BA9500BCE677 /* AttributeHeaerView.m in Sources */,
				276099EC20915E7800F0D281 /* main.m in Sources */,
				276099DE20915E7700F0D281 /* AppDelegate.m in Sources */,
			);
			runOnlyForDeploymentPostprocessing = 0;
		};
/* End PBXSourcesBuildPhase section */

/* Begin PBXVariantGroup section */
		276099E220915E7700F0D281 /* Main.storyboard */ = {
			isa = PBXVariantGroup;
			children = (
				276099E320915E7700F0D281 /* Base */,
			);
			name = Main.storyboard;
			sourceTree = "<group>";
		};
		276099E720915E7800F0D281 /* LaunchScreen.storyboard */ = {
			isa = PBXVariantGroup;
			children = (
				276099E820915E7800F0D281 /* Base */,
			);
			name = LaunchScreen.storyboard;
			sourceTree = "<group>";
		};
/* End PBXVariantGroup section */

/* Begin XCBuildConfiguration section */
		276099ED20915E7800F0D281 /* Debug */ = {
			isa = XCBuildConfiguration;
			buildSettings = {
				ALWAYS_SEARCH_USER_PATHS = NO;
				CLANG_ANALYZER_NONNULL = YES;
				CLANG_ANALYZER_NUMBER_OBJECT_CONVERSION = YES_AGGRESSIVE;
				CLANG_CXX_LANGUAGE_STANDARD = "gnu++14";
				CLANG_CXX_LIBRARY = "libc++";
				CLANG_ENABLE_MODULES = YES;
				CLANG_ENABLE_OBJC_ARC = YES;
				CLANG_ENABLE_OBJC_WEAK = YES;
				CLANG_WARN_BLOCK_CAPTURE_AUTORELEASING = YES;
				CLANG_WARN_BOOL_CONVERSION = YES;
				CLANG_WARN_COMMA = YES;
				CLANG_WARN_CONSTANT_CONVERSION = YES;
				CLANG_WARN_DEPRECATED_OBJC_IMPLEMENTATIONS = YES;
				CLANG_WARN_DIRECT_OBJC_ISA_USAGE = YES_ERROR;
				CLANG_WARN_DOCUMENTATION_COMMENTS = YES;
				CLANG_WARN_EMPTY_BODY = YES;
				CLANG_WARN_ENUM_CONVERSION = YES;
				CLANG_WARN_INFINITE_RECURSION = YES;
				CLANG_WARN_INT_CONVERSION = YES;
				CLANG_WARN_NON_LITERAL_NULL_CONVERSION = YES;
				CLANG_WARN_OBJC_IMPLICIT_RETAIN_SELF = YES;
				CLANG_WARN_OBJC_LITERAL_CONVERSION = YES;
				CLANG_WARN_OBJC_ROOT_CLASS = YES_ERROR;
				CLANG_WARN_RANGE_LOOP_ANALYSIS = YES;
				CLANG_WARN_STRICT_PROTOTYPES = YES;
				CLANG_WARN_SUSPICIOUS_MOVE = YES;
				CLANG_WARN_UNGUARDED_AVAILABILITY = YES_AGGRESSIVE;
				CLANG_WARN_UNREACHABLE_CODE = YES;
				CLANG_WARN__DUPLICATE_METHOD_MATCH = YES;
				CODE_SIGN_IDENTITY = "iPhone Developer";
				COPY_PHASE_STRIP = NO;
				DEBUG_INFORMATION_FORMAT = dwarf;
				ENABLE_STRICT_OBJC_MSGSEND = YES;
				ENABLE_TESTABILITY = YES;
				GCC_C_LANGUAGE_STANDARD = gnu11;
				GCC_DYNAMIC_NO_PIC = NO;
				GCC_NO_COMMON_BLOCKS = YES;
				GCC_OPTIMIZATION_LEVEL = 0;
				GCC_PREPROCESSOR_DEFINITIONS = (
					"DEBUG=1",
					"$(inherited)",
				);
				GCC_WARN_64_TO_32_BIT_CONVERSION = YES;
				GCC_WARN_ABOUT_RETURN_TYPE = YES_ERROR;
				GCC_WARN_UNDECLARED_SELECTOR = YES;
				GCC_WARN_UNINITIALIZED_AUTOS = YES_AGGRESSIVE;
				GCC_WARN_UNUSED_FUNCTION = YES;
				GCC_WARN_UNUSED_VARIABLE = YES;
				IPHONEOS_DEPLOYMENT_TARGET = 11.3;
				MTL_ENABLE_DEBUG_INFO = YES;
				ONLY_ACTIVE_ARCH = YES;
				SDKROOT = iphoneos;
			};
			name = Debug;
		};
		276099EE20915E7800F0D281 /* Release */ = {
			isa = XCBuildConfiguration;
			buildSettings = {
				ALWAYS_SEARCH_USER_PATHS = NO;
				CLANG_ANALYZER_NONNULL = YES;
				CLANG_ANALYZER_NUMBER_OBJECT_CONVERSION = YES_AGGRESSIVE;
				CLANG_CXX_LANGUAGE_STANDARD = "gnu++14";
				CLANG_CXX_LIBRARY = "libc++";
				CLANG_ENABLE_MODULES = YES;
				CLANG_ENABLE_OBJC_ARC = YES;
				CLANG_ENABLE_OBJC_WEAK = YES;
				CLANG_WARN_BLOCK_CAPTURE_AUTORELEASING = YES;
				CLANG_WARN_BOOL_CONVERSION = YES;
				CLANG_WARN_COMMA = YES;
				CLANG_WARN_CONSTANT_CONVERSION = YES;
				CLANG_WARN_DEPRECATED_OBJC_IMPLEMENTATIONS = YES;
				CLANG_WARN_DIRECT_OBJC_ISA_USAGE = YES_ERROR;
				CLANG_WARN_DOCUMENTATION_COMMENTS = YES;
				CLANG_WARN_EMPTY_BODY = YES;
				CLANG_WARN_ENUM_CONVERSION = YES;
				CLANG_WARN_INFINITE_RECURSION = YES;
				CLANG_WARN_INT_CONVERSION = YES;
				CLANG_WARN_NON_LITERAL_NULL_CONVERSION = YES;
				CLANG_WARN_OBJC_IMPLICIT_RETAIN_SELF = YES;
				CLANG_WARN_OBJC_LITERAL_CONVERSION = YES;
				CLANG_WARN_OBJC_ROOT_CLASS = YES_ERROR;
				CLANG_WARN_RANGE_LOOP_ANALYSIS = YES;
				CLANG_WARN_STRICT_PROTOTYPES = YES;
				CLANG_WARN_SUSPICIOUS_MOVE = YES;
				CLANG_WARN_UNGUARDED_AVAILABILITY = YES_AGGRESSIVE;
				CLANG_WARN_UNREACHABLE_CODE = YES;
				CLANG_WARN__DUPLICATE_METHOD_MATCH = YES;
				CODE_SIGN_IDENTITY = "iPhone Developer";
				COPY_PHASE_STRIP = NO;
				DEBUG_INFORMATION_FORMAT = "dwarf-with-dsym";
				ENABLE_NS_ASSERTIONS = NO;
				ENABLE_STRICT_OBJC_MSGSEND = YES;
				GCC_C_LANGUAGE_STANDARD = gnu11;
				GCC_NO_COMMON_BLOCKS = YES;
				GCC_WARN_64_TO_32_BIT_CONVERSION = YES;
				GCC_WARN_ABOUT_RETURN_TYPE = YES_ERROR;
				GCC_WARN_UNDECLARED_SELECTOR = YES;
				GCC_WARN_UNINITIALIZED_AUTOS = YES_AGGRESSIVE;
				GCC_WARN_UNUSED_FUNCTION = YES;
				GCC_WARN_UNUSED_VARIABLE = YES;
				IPHONEOS_DEPLOYMENT_TARGET = 11.3;
				MTL_ENABLE_DEBUG_INFO = NO;
				SDKROOT = iphoneos;
				VALIDATE_PRODUCT = YES;
			};
			name = Release;
		};
		276099F020915E7800F0D281 /* Debug */ = {
			isa = XCBuildConfiguration;
			buildSettings = {
				ASSETCATALOG_COMPILER_APPICON_NAME = AppIcon;
				CODE_SIGN_STYLE = Automatic;
				GCC_PREFIX_HEADER = "$(SRCROOT)/SKUDemo/Header.h";
				INFOPLIST_FILE = SKUDemo/Info.plist;
				LD_RUNPATH_SEARCH_PATHS = (
					"$(inherited)",
					"@executable_path/Frameworks",
				);
				PRODUCT_BUNDLE_IDENTIFIER = com.albee.SKUDemo;
				PRODUCT_NAME = "$(TARGET_NAME)";
				TARGETED_DEVICE_FAMILY = "1,2";
			};
			name = Debug;
		};
		276099F120915E7800F0D281 /* Release */ = {
			isa = XCBuildConfiguration;
			buildSettings = {
				ASSETCATALOG_COMPILER_APPICON_NAME = AppIcon;
				CODE_SIGN_STYLE = Automatic;
				GCC_PREFIX_HEADER = "$(SRCROOT)/SKUDemo/Header.h";
				INFOPLIST_FILE = SKUDemo/Info.plist;
				LD_RUNPATH_SEARCH_PATHS = (
					"$(inherited)",
					"@executable_path/Frameworks",
				);
				PRODUCT_BUNDLE_IDENTIFIER = com.albee.SKUDemo;
				PRODUCT_NAME = "$(TARGET_NAME)";
				TARGETED_DEVICE_FAMILY = "1,2";
			};
			name = Release;
		};
/* End XCBuildConfiguration section */

/* Begin XCConfigurationList section */
		276099D420915E7700F0D281 /* Build configuration list for PBXProject "SKUDemo" */ = {
			isa = XCConfigurationList;
			buildConfigurations = (
				276099ED20915E7800F0D281 /* Debug */,
				276099EE20915E7800F0D281 /* Release */,
			);
			defaultConfigurationIsVisible = 0;
			defaultConfigurationName = Release;
		};
		276099EF20915E7800F0D281 /* Build configuration list for PBXNativeTarget "SKUDemo" */ = {
			isa = XCConfigurationList;
			buildConfigurations = (
				276099F020915E7800F0D281 /* Debug */,
				276099F120915E7800F0D281 /* Release */,
			);
			defaultConfigurationIsVisible = 0;
			defaultConfigurationName = Release;
		};
/* End XCConfigurationList section */
	};
	rootObject = 276099D120915E7700F0D281 /* Project object */;
}
